<?xml version="1.0" encoding="utf-8"?>
<Project ToolsVersion="4.0" xmlns="http://schemas.microsoft.com/developer/msbuild/2003">
  <ItemGroup>
    <ClCompile Include="FactoryTest.cpp" />
    <ClCompile Include="FrecTest.cpp" />
    <ClCompile Include="IDGeneratorTest.cpp" />
    <ClCompile Include="pch.cpp" />
    <ClCompile Include="BotManagerTest.cpp">
      <Filter>pns-innov</Filter>
    </ClCompile>
    <ClCompile Include="Container2DTest.cpp">
      <Filter>pns-innov</Filter>
    </ClCompile>
    <ClCompile Include="GeneticBotTest.cpp">
      <Filter>pns-innov</Filter>
    </ClCompile>
    <ClCompile Include="TowerBalancerTest.cpp">
      <Filter>pns-innov</Filter>
    </ClCompile>
    <ClCompile Include="TowerManagerTest.cpp">
      <Filter>pns-innov</Filter>
    </ClCompile>
    <ClCompile Include="WaveBalancerTest.cpp">
      <Filter>pns-innov</Filter>
    </ClCompile>
  </ItemGroup>
  <ItemGroup>
    <ClInclude Include="MapTest.h" />
    <ClInclude Include="pch.h" />
  </ItemGroup>
  <ItemGroup>
    <None Include="packages.config" />
  </ItemGroup>
  <ItemGroup>
    <Filter Include="pns-innov">
      <UniqueIdentifier>{57872869-dfd7-459d-a3ce-0d1aac627494}</UniqueIdentifier>
    </Filter>
  </ItemGroup>
</Project>