<?xml version="1.0" encoding="utf-8"?>
<Project ToolsVersion="4.0" xmlns="http://schemas.microsoft.com/developer/msbuild/2003">
  <ItemGroup>
    <ClCompile Include="BalancerObject.cpp" />
    <ClCompile Include="GeneticBotJNI.cpp" />
    <ClCompile Include="OurJNILib.cpp" />
    <ClCompile Include="TowerBalancer.cpp" />
    <ClCompile Include="BotManager.cpp" />
    <ClCompile Include="GeneticBot.cpp" />
    <ClCompile Include="Random.cpp" />
    <ClCompile Include="Statistics.cpp" />
    <ClCompile Include="TowerManager.cpp" />
    <ClCompile Include="TowerManagerJNI.cpp" />
    <ClCompile Include="WaveBalancer.cpp" />
  </ItemGroup>
  <ItemGroup>
    <ClInclude Include="OurJNILib.h" />
    <ClInclude Include="TowerBalancer.h" />
    <ClInclude Include="BalancerAttribute.h" />
    <ClInclude Include="BalancerObject.h" />
    <ClInclude Include="BotManager.h" />
    <ClInclude Include="Container2D.h" />
    <ClInclude Include="FileWriter.h" />
    <ClInclude Include="GeneticBot.h" />
    <ClInclude Include="GeneticBotJNI.h" />
    <ClInclude Include="Random.h" />
    <ClInclude Include="Statistics.h" />
    <ClInclude Include="TowerManager.h" />
    <ClInclude Include="TowerManagerJNI.h" />
    <ClInclude Include="Values.h" />
    <ClInclude Include="WaveBalancer.h" />
  </ItemGroup>
</Project>