<?xml version="1.0" encoding="utf-8"?>
<Project ToolsVersion="4.0" xmlns="http://schemas.microsoft.com/developer/msbuild/2003">
  <ItemGroup>
    <Filter Include="Fichiers sources">
      <UniqueIdentifier>{4FC737F1-C7A5-4376-A066-2A32D752A2FF}</UniqueIdentifier>
      <Extensions>cpp;c;cc;cxx;def;odl;idl;hpj;bat;asm;asmx</Extensions>
    </Filter>
    <Filter Include="Fichiers d%27en-tête">
      <UniqueIdentifier>{93995380-89BD-4b04-88EB-625FBE52EBFB}</UniqueIdentifier>
      <Extensions>h;hh;hpp;hxx;hm;inl;inc;ipp;xsd</Extensions>
    </Filter>
    <Filter Include="Fichiers de ressources">
      <UniqueIdentifier>{67DA6AB6-F800-4c08-8B7A-83BB121AAD01}</UniqueIdentifier>
      <Extensions>rc;ico;cur;bmp;dlg;rc2;rct;bin;rgs;gif;jpg;jpeg;jpe;resx;tiff;tif;png;wav;mfcribbon-ms</Extensions>
    </Filter>
    <Filter Include="assets">
      <UniqueIdentifier>{51be27ee-b265-43d6-9d0e-18b9270337b8}</UniqueIdentifier>
    </Filter>
  </ItemGroup>
  <ItemGroup>
    <ClCompile Include="Clickable.cpp">
      <Filter>Fichiers sources</Filter>
    </ClCompile>
    <ClCompile Include="FrecAndFroshController.cpp">
      <Filter>Fichiers sources</Filter>
    </ClCompile>
    <ClCompile Include="FrecButton.cpp">
      <Filter>Fichiers sources</Filter>
    </ClCompile>
    <ClCompile Include="FrecController.cpp">
      <Filter>Fichiers sources</Filter>
    </ClCompile>
    <ClCompile Include="Frosh.cpp">
      <Filter>Fichiers sources</Filter>
    </ClCompile>
    <ClCompile Include="FroshController.cpp">
      <Filter>Fichiers sources</Filter>
    </ClCompile>
    <ClCompile Include="GameController.cpp">
      <Filter>Fichiers sources</Filter>
    </ClCompile>
    <ClCompile Include="GameMenuController.cpp">
      <Filter>Fichiers sources</Filter>
    </ClCompile>
    <ClCompile Include="GameState.cpp">
      <Filter>Fichiers sources</Filter>
    </ClCompile>
    <ClCompile Include="MenuButton.cpp">
      <Filter>Fichiers sources</Filter>
    </ClCompile>
    <ClCompile Include="throwProjectile.cpp">
      <Filter>Fichiers sources</Filter>
    </ClCompile>
    <ClCompile Include="Timer.cpp">
      <Filter>Fichiers sources</Filter>
    </ClCompile>
    <ClCompile Include="FroshDefenceBotSystem.cpp">
      <Filter>Fichiers sources</Filter>
    </ClCompile>
    <ClCompile Include="Frec.cpp">
      <Filter>Fichiers sources</Filter>
    </ClCompile>
  </ItemGroup>
  <ItemGroup>
    <ClInclude Include="Clickable.h">
      <Filter>Fichiers d%27en-tête</Filter>
    </ClInclude>
    <ClInclude Include="resource.h">
      <Filter>Fichiers d%27en-tête</Filter>
    </ClInclude>
    <ClInclude Include="Frec.h">
      <Filter>Fichiers d%27en-tête</Filter>
    </ClInclude>
    <ClInclude Include="FrecAndFroshController.h">
      <Filter>Fichiers d%27en-tête</Filter>
    </ClInclude>
    <ClInclude Include="FrecButton.h">
      <Filter>Fichiers d%27en-tête</Filter>
    </ClInclude>
    <ClInclude Include="FrecController.h">
      <Filter>Fichiers d%27en-tête</Filter>
    </ClInclude>
    <ClInclude Include="Frosh.h">
      <Filter>Fichiers d%27en-tête</Filter>
    </ClInclude>
    <ClInclude Include="FroshController.h">
      <Filter>Fichiers d%27en-tête</Filter>
    </ClInclude>
    <ClInclude Include="GameController.h">
      <Filter>Fichiers d%27en-tête</Filter>
    </ClInclude>
    <ClInclude Include="GameMenuController.h">
      <Filter>Fichiers d%27en-tête</Filter>
    </ClInclude>
    <ClInclude Include="GameState.h">
      <Filter>Fichiers d%27en-tête</Filter>
    </ClInclude>
    <ClInclude Include="MenuButton.h">
      <Filter>Fichiers d%27en-tête</Filter>
    </ClInclude>
    <ClInclude Include="throwProjectile.h">
      <Filter>Fichiers d%27en-tête</Filter>
    </ClInclude>
    <ClInclude Include="Timer.h">
      <Filter>Fichiers d%27en-tête</Filter>
    </ClInclude>
    <ClInclude Include="FroshDefenceBotSystem.h">
      <Filter>Fichiers d%27en-tête</Filter>
    </ClInclude>
    <ClInclude Include="pch.h">
      <Filter>Fichiers d%27en-tête</Filter>
    </ClInclude>
  </ItemGroup>
  <ItemGroup>
    <ResourceCompile Include="frosh-defence.rc">
      <Filter>Fichiers de ressources</Filter>
    </ResourceCompile>
  </ItemGroup>
  <ItemGroup>
    <None Include="README.md" />
    <None Include="..\..\..\Project-frosh-defence\Project-frosh-defence\Project-frosh-defence\assets\give_it_up.ogg">
      <Filter>assets</Filter>
    </None>
  </ItemGroup>
  <ItemGroup>
    <Text Include="LICENSE.txt" />
  </ItemGroup>
  <ItemGroup>
    <Image Include="..\..\..\Project-frosh-defence\Project-frosh-defence\Project-frosh-defence\assets\frec_texture.png">
      <Filter>assets</Filter>
    </Image>
    <Image Include="..\..\..\Project-frosh-defence\Project-frosh-defence\Project-frosh-defence\assets\FrecIcon.png">
      <Filter>assets</Filter>
    </Image>
    <Image Include="..\..\..\Project-frosh-defence\Project-frosh-defence\Project-frosh-defence\assets\FrecIcon2.png">
      <Filter>assets</Filter>
    </Image>
    <Image Include="..\..\..\Project-frosh-defence\Project-frosh-defence\Project-frosh-defence\assets\FrecIcon3.png">
      <Filter>assets</Filter>
    </Image>
    <Image Include="..\..\..\Project-frosh-defence\Project-frosh-defence\Project-frosh-defence\assets\FroshSprite.png">
      <Filter>assets</Filter>
    </Image>
    <Image Include="..\..\..\Project-frosh-defence\Project-frosh-defence\Project-frosh-defence\assets\game_over.png">
      <Filter>assets</Filter>
    </Image>
    <Image Include="..\..\..\Project-frosh-defence\Project-frosh-defence\Project-frosh-defence\assets\help_screen.png">
      <Filter>assets</Filter>
    </Image>
    <Image Include="..\..\..\Project-frosh-defence\Project-frosh-defence\Project-frosh-defence\assets\jacket.png">
      <Filter>assets</Filter>
    </Image>
    <Image Include="..\..\..\Project-frosh-defence\Project-frosh-defence\Project-frosh-defence\assets\MenuButtons.png">
      <Filter>assets</Filter>
    </Image>
    <Image Include="..\..\..\Project-frosh-defence\Project-frosh-defence\Project-frosh-defence\assets\menuInfo.png">
      <Filter>assets</Filter>
    </Image>
    <Image Include="..\..\..\Project-frosh-defence\Project-frosh-defence\Project-frosh-defence\assets\SlammingFrecSprite.png">
      <Filter>assets</Filter>
    </Image>
    <Image Include="..\..\..\Project-frosh-defence\Project-frosh-defence\Project-frosh-defence\assets\SwingFrecSprite.png">
      <Filter>assets</Filter>
    </Image>
    <Image Include="..\..\..\Project-frosh-defence\Project-frosh-defence\Project-frosh-defence\assets\ThrowingFrecSprite.png">
      <Filter>assets</Filter>
    </Image>
  </ItemGroup>
  <ItemGroup>
    <Font Include="..\..\..\Project-frosh-defence\Project-frosh-defence\Project-frosh-defence\assets\GEORGIA.TTF">
      <Filter>assets</Filter>
    </Font>
  </ItemGroup>
</Project>